// !$*UTF8*$!
{
	archiveVersion = 1;
	classes = {
	};
	objectVersion = 56;
	objects = {

/* Begin PBXBuildFile section */
		004C408229B6C0C800A86094 /* FlashCardsApp.swift in Sources */ = {isa = PBXBuildFile; fileRef = 004C408129B6C0C800A86094 /* FlashCardsApp.swift */; };
		004C408429B6C0C800A86094 /* ContentView.swift in Sources */ = {isa = PBXBuildFile; fileRef = 004C408329B6C0C800A86094 /* ContentView.swift */; };
		004C408629B6C0CA00A86094 /* Assets.xcassets in Resources */ = {isa = PBXBuildFile; fileRef = 004C408529B6C0CA00A86094 /* Assets.xcassets */; };
		004C408929B6C0CA00A86094 /* Preview Assets.xcassets in Resources */ = {isa = PBXBuildFile; fileRef = 004C408829B6C0CA00A86094 /* Preview Assets.xcassets */; };
		004C408B29B6C0CA00A86094 /* Persistence.swift in Sources */ = {isa = PBXBuildFile; fileRef = 004C408A29B6C0CA00A86094 /* Persistence.swift */; };
		004C408E29B6C0CA00A86094 /* FlashCards.xcdatamodeld in Sources */ = {isa = PBXBuildFile; fileRef = 004C408C29B6C0CA00A86094 /* FlashCards.xcdatamodeld */; };
		004C409629B6C22C00A86094 /* QuestionListView.swift in Sources */ = {isa = PBXBuildFile; fileRef = 004C409529B6C22C00A86094 /* QuestionListView.swift */; };
		004C409829B6C34500A86094 /* QuizView.swift in Sources */ = {isa = PBXBuildFile; fileRef = 004C409729B6C34500A86094 /* QuizView.swift */; };
		004C409A29B6C46F00A86094 /* AddQuestionView.swift in Sources */ = {isa = PBXBuildFile; fileRef = 004C409929B6C46F00A86094 /* AddQuestionView.swift */; };
		004C409C29B6C7DF00A86094 /* CardFront.swift in Sources */ = {isa = PBXBuildFile; fileRef = 004C409B29B6C7DF00A86094 /* CardFront.swift */; };
		004C409E29B6C7E900A86094 /* CardBack.swift in Sources */ = {isa = PBXBuildFile; fileRef = 004C409D29B6C7E900A86094 /* CardBack.swift */; };
/* End PBXBuildFile section */

/* Begin PBXFileReference section */
		004C407E29B6C0C800A86094 /* FlashCards.app */ = {isa = PBXFileReference; explicitFileType = wrapper.application; includeInIndex = 0; path = FlashCards.app; sourceTree = BUILT_PRODUCTS_DIR; };
		004C408129B6C0C800A86094 /* FlashCardsApp.swift */ = {isa = PBXFileReference; lastKnownFileType = sourcecode.swift; path = FlashCardsApp.swift; sourceTree = "<group>"; };
		004C408329B6C0C800A86094 /* ContentView.swift */ = {isa = PBXFileReference; lastKnownFileType = sourcecode.swift; path = ContentView.swift; sourceTree = "<group>"; };
		004C408529B6C0CA00A86094 /* Assets.xcassets */ = {isa = PBXFileReference; lastKnownFileType = folder.assetcatalog; path = Assets.xcassets; sourceTree = "<group>"; };
		004C408829B6C0CA00A86094 /* Preview Assets.xcassets */ = {isa = PBXFileReference; lastKnownFileType = folder.assetcatalog; path = "Preview Assets.xcassets"; sourceTree = "<group>"; };
		004C408A29B6C0CA00A86094 /* Persistence.swift */ = {isa = PBXFileReference; lastKnownFileType = sourcecode.swift; path = Persistence.swift; sourceTree = "<group>"; };
		004C408D29B6C0CA00A86094 /* FlashCards.xcdatamodel */ = {isa = PBXFileReference; lastKnownFileType = wrapper.xcdatamodel; path = FlashCards.xcdatamodel; sourceTree = "<group>"; };
		004C409529B6C22C00A86094 /* QuestionListView.swift */ = {isa = PBXFileReference; lastKnownFileType = sourcecode.swift; path = QuestionListView.swift; sourceTree = "<group>"; };
		004C409729B6C34500A86094 /* QuizView.swift */ = {isa = PBXFileReference; lastKnownFileType = sourcecode.swift; path = QuizView.swift; sourceTree = "<group>"; };
		004C409929B6C46F00A86094 /* AddQuestionView.swift */ = {isa = PBXFileReference; lastKnownFileType = sourcecode.swift; path = AddQuestionView.swift; sourceTree = "<group>"; };
		004C409B29B6C7DF00A86094 /* CardFront.swift */ = {isa = PBXFileReference; lastKnownFileType = sourcecode.swift; path = CardFront.swift; sourceTree = "<group>"; };
		004C409D29B6C7E900A86094 /* CardBack.swift */ = {isa = PBXFileReference; lastKnownFileType = sourcecode.swift; path = CardBack.swift; sourceTree = "<group>"; };
/* End PBXFileReference section */

/* Begin PBXFrameworksBuildPhase section */
		004C407B29B6C0C800A86094 /* Frameworks */ = {
			isa = PBXFrameworksBuildPhase;
			buildActionMask = 2147483647;
			files = (
			);
			runOnlyForDeploymentPostprocessing = 0;
		};
/* End PBXFrameworksBuildPhase section */

/* Begin PBXGroup section */
		004C407529B6C0C800A86094 = {
			isa = PBXGroup;
			children = (
				004C408029B6C0C800A86094 /* FlashCards */,
				004C407F29B6C0C800A86094 /* Products */,
			);
			sourceTree = "<group>";
		};
		004C407F29B6C0C800A86094 /* Products */ = {
			isa = PBXGroup;
			children = (
				004C407E29B6C0C800A86094 /* FlashCards.app */,
			);
			name = Products;
			sourceTree = "<group>";
		};
		004C408029B6C0C800A86094 /* FlashCards */ = {
			isa = PBXGroup;
			children = (
				004C409429B6C21500A86094 /* Views */,
				004C408129B6C0C800A86094 /* FlashCardsApp.swift */,
				004C408529B6C0CA00A86094 /* Assets.xcassets */,
				004C408A29B6C0CA00A86094 /* Persistence.swift */,
				004C408C29B6C0CA00A86094 /* FlashCards.xcdatamodeld */,
				004C408729B6C0CA00A86094 /* Preview Content */,
			);
			path = FlashCards;
			sourceTree = "<group>";
		};
		004C408729B6C0CA00A86094 /* Preview Content */ = {
			isa = PBXGroup;
			children = (
				004C408829B6C0CA00A86094 /* Preview Assets.xcassets */,
			);
			path = "Preview Content";
			sourceTree = "<group>";
		};
		004C409429B6C21500A86094 /* Views */ = {
			isa = PBXGroup;
			children = (
				004C408329B6C0C800A86094 /* ContentView.swift */,
				004C409529B6C22C00A86094 /* QuestionListView.swift */,
				004C409729B6C34500A86094 /* QuizView.swift */,
				004C409929B6C46F00A86094 /* AddQuestionView.swift */,
				004C409B29B6C7DF00A86094 /* CardFront.swift */,
				004C409D29B6C7E900A86094 /* CardBack.swift */,
			);
			path = Views;
			sourceTree = "<group>";
		};
/* End PBXGroup section */

/* Begin PBXNativeTarget section */
		004C407D29B6C0C800A86094 /* FlashCards */ = {
			isa = PBXNativeTarget;
			buildConfigurationList = 004C409129B6C0CA00A86094 /* Build configuration list for PBXNativeTarget "FlashCards" */;
			buildPhases = (
				004C407A29B6C0C800A86094 /* Sources */,
				004C407B29B6C0C800A86094 /* Frameworks */,
				004C407C29B6C0C800A86094 /* Resources */,
			);
			buildRules = (
			);
			dependencies = (
			);
			name = FlashCards;
			productName = FlashCards;
			productReference = 004C407E29B6C0C800A86094 /* FlashCards.app */;
			productType = "com.apple.product-type.application";
		};
/* End PBXNativeTarget section */

/* Begin PBXProject section */
		004C407629B6C0C800A86094 /* Project object */ = {
			isa = PBXProject;
			attributes = {
				BuildIndependentTargetsInParallel = 1;
				LastSwiftUpdateCheck = 1410;
				LastUpgradeCheck = 1410;
				TargetAttributes = {
					004C407D29B6C0C800A86094 = {
						CreatedOnToolsVersion = 14.1;
					};
				};
			};
			buildConfigurationList = 004C407929B6C0C800A86094 /* Build configuration list for PBXProject "FlashCards" */;
			compatibilityVersion = "Xcode 14.0";
			developmentRegion = en;
			hasScannedForEncodings = 0;
			knownRegions = (
				en,
				Base,
			);
			mainGroup = 004C407529B6C0C800A86094;
			productRefGroup = 004C407F29B6C0C800A86094 /* Products */;
			projectDirPath = "";
			projectRoot = "";
			targets = (
				004C407D29B6C0C800A86094 /* FlashCards */,
			);
		};
/* End PBXProject section */

/* Begin PBXResourcesBuildPhase section */
		004C407C29B6C0C800A86094 /* Resources */ = {
			isa = PBXResourcesBuildPhase;
			buildActionMask = 2147483647;
			files = (
				004C408929B6C0CA00A86094 /* Preview Assets.xcassets in Resources */,
				004C408629B6C0CA00A86094 /* Assets.xcassets in Resources */,
			);
			runOnlyForDeploymentPostprocessing = 0;
		};
/* End PBXResourcesBuildPhase section */

/* Begin PBXSourcesBuildPhase section */
		004C407A29B6C0C800A86094 /* Sources */ = {
			isa = PBXSourcesBuildPhase;
			buildActionMask = 2147483647;
			files = (
				004C409E29B6C7E900A86094 /* CardBack.swift in Sources */,
				004C408B29B6C0CA00A86094 /* Persistence.swift in Sources */,
				004C409629B6C22C00A86094 /* QuestionListView.swift in Sources */,
				004C409A29B6C46F00A86094 /* AddQuestionView.swift in Sources */,
				004C408429B6C0C800A86094 /* ContentView.swift in Sources */,
				004C408E29B6C0CA00A86094 /* FlashCards.xcdatamodeld in Sources */,
				004C409C29B6C7DF00A86094 /* CardFront.swift in Sources */,
				004C408229B6C0C800A86094 /* FlashCardsApp.swift in Sources */,
				004C409829B6C34500A86094 /* QuizView.swift in Sources */,
			);
			runOnlyForDeploymentPostprocessing = 0;
		};
/* End PBXSourcesBuildPhase section */

/* Begin XCBuildConfiguration section */
		004C408F29B6C0CA00A86094 /* Debug */ = {
			isa = XCBuildConfiguration;
			buildSettings = {
				ALWAYS_SEARCH_USER_PATHS = NO;
				CLANG_ANALYZER_NONNULL = YES;
				CLANG_ANALYZER_NUMBER_OBJECT_CONVERSION = YES_AGGRESSIVE;
				CLANG_CXX_LANGUAGE_STANDARD = "gnu++20";
				CLANG_ENABLE_MODULES = YES;
				CLANG_ENABLE_OBJC_ARC = YES;
				CLANG_ENABLE_OBJC_WEAK = YES;
				CLANG_WARN_BLOCK_CAPTURE_AUTORELEASING = YES;
				CLANG_WARN_BOOL_CONVERSION = YES;
				CLANG_WARN_COMMA = YES;
				CLANG_WARN_CONSTANT_CONVERSION = YES;
				CLANG_WARN_DEPRECATED_OBJC_IMPLEMENTATIONS = YES;
				CLANG_WARN_DIRECT_OBJC_ISA_USAGE = YES_ERROR;
				CLANG_WARN_DOCUMENTATION_COMMENTS = YES;
				CLANG_WARN_EMPTY_BODY = YES;
				CLANG_WARN_ENUM_CONVERSION = YES;
				CLANG_WARN_INFINITE_RECURSION = YES;
				CLANG_WARN_INT_CONVERSION = YES;
				CLANG_WARN_NON_LITERAL_NULL_CONVERSION = YES;
				CLANG_WARN_OBJC_IMPLICIT_RETAIN_SELF = YES;
				CLANG_WARN_OBJC_LITERAL_CONVERSION = YES;
				CLANG_WARN_OBJC_ROOT_CLASS = YES_ERROR;
				CLANG_WARN_QUOTED_INCLUDE_IN_FRAMEWORK_HEADER = YES;
				CLANG_WARN_RANGE_LOOP_ANALYSIS = YES;
				CLANG_WARN_STRICT_PROTOTYPES = YES;
				CLANG_WARN_SUSPICIOUS_MOVE = YES;
				CLANG_WARN_UNGUARDED_AVAILABILITY = YES_AGGRESSIVE;
				CLANG_WARN_UNREACHABLE_CODE = YES;
				CLANG_WARN__DUPLICATE_METHOD_MATCH = YES;
				COPY_PHASE_STRIP = NO;
				DEBUG_INFORMATION_FORMAT = dwarf;
				ENABLE_STRICT_OBJC_MSGSEND = YES;
				ENABLE_TESTABILITY = YES;
				GCC_C_LANGUAGE_STANDARD = gnu11;
				GCC_DYNAMIC_NO_PIC = NO;
				GCC_NO_COMMON_BLOCKS = YES;
				GCC_OPTIMIZATION_LEVEL = 0;
				GCC_PREPROCESSOR_DEFINITIONS = (
					"DEBUG=1",
					"$(inherited)",
				);
				GCC_WARN_64_TO_32_BIT_CONVERSION = YES;
				GCC_WARN_ABOUT_RETURN_TYPE = YES_ERROR;
				GCC_WARN_UNDECLARED_SELECTOR = YES;
				GCC_WARN_UNINITIALIZED_AUTOS = YES_AGGRESSIVE;
				GCC_WARN_UNUSED_FUNCTION = YES;
				GCC_WARN_UNUSED_VARIABLE = YES;
				IPHONEOS_DEPLOYMENT_TARGET = 16.1;
				MTL_ENABLE_DEBUG_INFO = INCLUDE_SOURCE;
				MTL_FAST_MATH = YES;
				ONLY_ACTIVE_ARCH = YES;
				SDKROOT = iphoneos;
				SWIFT_ACTIVE_COMPILATION_CONDITIONS = DEBUG;
				SWIFT_OPTIMIZATION_LEVEL = "-Onone";
			};
			name = Debug;
		};
		004C409029B6C0CA00A86094 /* Release */ = {
			isa = XCBuildConfiguration;
			buildSettings = {
				ALWAYS_SEARCH_USER_PATHS = NO;
				CLANG_ANALYZER_NONNULL = YES;
				CLANG_ANALYZER_NUMBER_OBJECT_CONVERSION = YES_AGGRESSIVE;
				CLANG_CXX_LANGUAGE_STANDARD = "gnu++20";
				CLANG_ENABLE_MODULES = YES;
				CLANG_ENABLE_OBJC_ARC = YES;
				CLANG_ENABLE_OBJC_WEAK = YES;
				CLANG_WARN_BLOCK_CAPTURE_AUTORELEASING = YES;
				CLANG_WARN_BOOL_CONVERSION = YES;
				CLANG_WARN_COMMA = YES;
				CLANG_WARN_CONSTANT_CONVERSION = YES;
				CLANG_WARN_DEPRECATED_OBJC_IMPLEMENTATIONS = YES;
				CLANG_WARN_DIRECT_OBJC_ISA_USAGE = YES_ERROR;
				CLANG_WARN_DOCUMENTATION_COMMENTS = YES;
				CLANG_WARN_EMPTY_BODY = YES;
				CLANG_WARN_ENUM_CONVERSION = YES;
				CLANG_WARN_INFINITE_RECURSION = YES;
				CLANG_WARN_INT_CONVERSION = YES;
				CLANG_WARN_NON_LITERAL_NULL_CONVERSION = YES;
				CLANG_WARN_OBJC_IMPLICIT_RETAIN_SELF = YES;
				CLANG_WARN_OBJC_LITERAL_CONVERSION = YES;
				CLANG_WARN_OBJC_ROOT_CLASS = YES_ERROR;
				CLANG_WARN_QUOTED_INCLUDE_IN_FRAMEWORK_HEADER = YES;
				CLANG_WARN_RANGE_LOOP_ANALYSIS = YES;
				CLANG_WARN_STRICT_PROTOTYPES = YES;
				CLANG_WARN_SUSPICIOUS_MOVE = YES;
				CLANG_WARN_UNGUARDED_AVAILABILITY = YES_AGGRESSIVE;
				CLANG_WARN_UNREACHABLE_CODE = YES;
				CLANG_WARN__DUPLICATE_METHOD_MATCH = YES;
				COPY_PHASE_STRIP = NO;
				DEBUG_INFORMATION_FORMAT = "dwarf-with-dsym";
				ENABLE_NS_ASSERTIONS = NO;
				ENABLE_STRICT_OBJC_MSGSEND = YES;
				GCC_C_LANGUAGE_STANDARD = gnu11;
				GCC_NO_COMMON_BLOCKS = YES;
				GCC_WARN_64_TO_32_BIT_CONVERSION = YES;
				GCC_WARN_ABOUT_RETURN_TYPE = YES_ERROR;
				GCC_WARN_UNDECLARED_SELECTOR = YES;
				GCC_WARN_UNINITIALIZED_AUTOS = YES_AGGRESSIVE;
				GCC_WARN_UNUSED_FUNCTION = YES;
				GCC_WARN_UNUSED_VARIABLE = YES;
				IPHONEOS_DEPLOYMENT_TARGET = 16.1;
				MTL_ENABLE_DEBUG_INFO = NO;
				MTL_FAST_MATH = YES;
				SDKROOT = iphoneos;
				SWIFT_COMPILATION_MODE = wholemodule;
				SWIFT_OPTIMIZATION_LEVEL = "-O";
				VALIDATE_PRODUCT = YES;
			};
			name = Release;
		};
		004C409229B6C0CA00A86094 /* Debug */ = {
			isa = XCBuildConfiguration;
			buildSettings = {
				ASSETCATALOG_COMPILER_APPICON_NAME = AppIcon;
				ASSETCATALOG_COMPILER_GLOBAL_ACCENT_COLOR_NAME = AccentColor;
				CODE_SIGN_STYLE = Automatic;
				CURRENT_PROJECT_VERSION = 1;
				DEVELOPMENT_ASSET_PATHS = "\"FlashCards/Preview Content\"";
				DEVELOPMENT_TEAM = W39Y8R7382;
				ENABLE_PREVIEWS = YES;
				GENERATE_INFOPLIST_FILE = YES;
				INFOPLIST_KEY_UIApplicationSceneManifest_Generation = YES;
				INFOPLIST_KEY_UIApplicationSupportsIndirectInputEvents = YES;
				INFOPLIST_KEY_UILaunchScreen_Generation = YES;
				INFOPLIST_KEY_UISupportedInterfaceOrientations_iPad = "UIInterfaceOrientationPortrait UIInterfaceOrientationPortraitUpsideDown UIInterfaceOrientationLandscapeLeft UIInterfaceOrientationLandscapeRight";
				INFOPLIST_KEY_UISupportedInterfaceOrientations_iPhone = "UIInterfaceOrientationPortrait UIInterfaceOrientationLandscapeLeft UIInterfaceOrientationLandscapeRight";
				LD_RUNPATH_SEARCH_PATHS = (
					"$(inherited)",
					"@executable_path/Frameworks",
				);
				MARKETING_VERSION = 1.0;
				PRODUCT_BUNDLE_IDENTIFIER = com.aidyl.FlashCards;
				PRODUCT_NAME = "$(TARGET_NAME)";
				SWIFT_EMIT_LOC_STRINGS = YES;
				SWIFT_VERSION = 5.0;
				TARGETED_DEVICE_FAMILY = "1,2";
			};
			name = Debug;
		};
		004C409329B6C0CA00A86094 /* Release */ = {
			isa = XCBuildConfiguration;
			buildSettings = {
				ASSETCATALOG_COMPILER_APPICON_NAME = AppIcon;
				ASSETCATALOG_COMPILER_GLOBAL_ACCENT_COLOR_NAME = AccentColor;
				CODE_SIGN_STYLE = Automatic;
				CURRENT_PROJECT_VERSION = 1;
				DEVELOPMENT_ASSET_PATHS = "\"FlashCards/Preview Content\"";
				DEVELOPMENT_TEAM = W39Y8R7382;
				ENABLE_PREVIEWS = YES;
				GENERATE_INFOPLIST_FILE = YES;
				INFOPLIST_KEY_UIApplicationSceneManifest_Generation = YES;
				INFOPLIST_KEY_UIApplicationSupportsIndirectInputEvents = YES;
				INFOPLIST_KEY_UILaunchScreen_Generation = YES;
				INFOPLIST_KEY_UISupportedInterfaceOrientations_iPad = "UIInterfaceOrientationPortrait UIInterfaceOrientationPortraitUpsideDown UIInterfaceOrientationLandscapeLeft UIInterfaceOrientationLandscapeRight";
				INFOPLIST_KEY_UISupportedInterfaceOrientations_iPhone = "UIInterfaceOrientationPortrait UIInterfaceOrientationLandscapeLeft UIInterfaceOrientationLandscapeRight";
				LD_RUNPATH_SEARCH_PATHS = (
					"$(inherited)",
					"@executable_path/Frameworks",
				);
				MARKETING_VERSION = 1.0;
				PRODUCT_BUNDLE_IDENTIFIER = com.aidyl.FlashCards;
				PRODUCT_NAME = "$(TARGET_NAME)";
				SWIFT_EMIT_LOC_STRINGS = YES;
				SWIFT_VERSION = 5.0;
				TARGETED_DEVICE_FAMILY = "1,2";
			};
			name = Release;
		};
/* End XCBuildConfiguration section */

/* Begin XCConfigurationList section */
		004C407929B6C0C800A86094 /* Build configuration list for PBXProject "FlashCards" */ = {
			isa = XCConfigurationList;
			buildConfigurations = (
				004C408F29B6C0CA00A86094 /* Debug */,
				004C409029B6C0CA00A86094 /* Release */,
			);
			defaultConfigurationIsVisible = 0;
			defaultConfigurationName = Release;
		};
		004C409129B6C0CA00A86094 /* Build configuration list for PBXNativeTarget "FlashCards" */ = {
			isa = XCConfigurationList;
			buildConfigurations = (
				004C409229B6C0CA00A86094 /* Debug */,
				004C409329B6C0CA00A86094 /* Release */,
			);
			defaultConfigurationIsVisible = 0;
			defaultConfigurationName = Release;
		};
/* End XCConfigurationList section */

/* Begin XCVersionGroup section */
		004C408C29B6C0CA00A86094 /* FlashCards.xcdatamodeld */ = {
			isa = XCVersionGroup;
			children = (
				004C408D29B6C0CA00A86094 /* FlashCards.xcdatamodel */,
			);
			currentVersion = 004C408D29B6C0CA00A86094 /* FlashCards.xcdatamodel */;
			path = FlashCards.xcdatamodeld;
			sourceTree = "<group>";
			versionGroupType = wrapper.xcdatamodel;
		};
/* End XCVersionGroup section */
	};
	rootObject = 004C407629B6C0C800A86094 /* Project object */;
}
